
Microsoft Visual Studio Solution File, Format Version 12.00
# Visual Studio Version 17
VisualStudioVersion = 17.0.31903.59
MinimumVisualStudioVersion = 10.0.40219.1
Project("{9A19103F-16F7-4668-BE54-9A1E7A4F7556}") = "Server.Main", "Server\Server.Main\Server.Main.csproj", "{4F257B1D-C966-4093-8DA4-3D6F1112EC50}"
EndProject
Project("{FAE04EC0-301F-11D3-BF4B-00C04F79EFBC}") = "Server.Entities", "Server\Server.Entities\Server.Entities.csproj", "{4030388C-3EE2-44E7-823B-EEACBD723EE0}"
EndProject
Project("{FAE04EC0-301F-11D3-BF4B-00C04F79EFBC}") = "Server.DataAcessObject", "Server\Server.DataAcessObject\Server.DataAcessObject.csproj", "{63F6D223-E815-4E7F-B0C2-E304B25CA302}"
EndProject
Global
	GlobalSection(SolutionConfigurationPlatforms) = preSolution
		Debug|Any CPU = Debug|Any CPU
		Release|Any CPU = Release|Any CPU
	EndGlobalSection
	GlobalSection(ProjectConfigurationPlatforms) = postSolution
		{4F257B1D-C966-4093-8DA4-3D6F1112EC50}.Debug|Any CPU.ActiveCfg = Debug|Any CPU
		{4F257B1D-C966-4093-8DA4-3D6F1112EC50}.Debug|Any CPU.Build.0 = Debug|Any CPU
		{4F257B1D-C966-4093-8DA4-3D6F1112EC50}.Release|Any CPU.ActiveCfg = Release|Any CPU
		{4F257B1D-C966-4093-8DA4-3D6F1112EC50}.Release|Any CPU.Build.0 = Release|Any CPU
		{4030388C-3EE2-44E7-823B-EEACBD723EE0}.Debug|Any CPU.ActiveCfg = Debug|Any CPU
		{4030388C-3EE2-44E7-823B-EEACBD723EE0}.Debug|Any CPU.Build.0 = Debug|Any CPU
		{4030388C-3EE2-44E7-823B-EEACBD723EE0}.Release|Any CPU.ActiveCfg = Release|Any CPU
		{4030388C-3EE2-44E7-823B-EEACBD723EE0}.Release|Any CPU.Build.0 = Release|Any CPU
		{63F6D223-E815-4E7F-B0C2-E304B25CA302}.Debug|Any CPU.ActiveCfg = Debug|Any CPU
		{63F6D223-E815-4E7F-B0C2-E304B25CA302}.Debug|Any CPU.Build.0 = Debug|Any CPU
		{63F6D223-E815-4E7F-B0C2-E304B25CA302}.Release|Any CPU.ActiveCfg = Release|Any CPU
		{63F6D223-E815-4E7F-B0C2-E304B25CA302}.Release|Any CPU.Build.0 = Release|Any CPU
	EndGlobalSection
	GlobalSection(SolutionProperties) = preSolution
		HideSolutionNode = FALSE
	EndGlobalSection
	GlobalSection(ExtensibilityGlobals) = postSolution
		SolutionGuid = {3D415C2A-5A1F-48A6-A2CD-879AB33A2086}
	EndGlobalSection
EndGlobal
